{
  "version": 4,
  "terraform_version": "0.12.7",
  "serial": 54,
  "lineage": "378684c9-5469-1dae-9327-698b01f7cbe3",
  "outputs": {},
  "resources": [
    {
      "module": "module.machine_02",
      "mode": "data",
      "type": "vsphere_compute_cluster",
      "name": "cluster",
      "provider": "module.machine_02.provider.vsphere",
      "instances": [
        {
          "schema_version": 0,
          "attributes": {
            "datacenter_id": "datacenter-2",
            "id": "domain-c1127",
            "name": "TW-CODE88-01",
            "resource_pool_id": "resgroup-1128"
          },
          "depends_on": [
            "data.vsphere_datacenter.datacenter"
          ]
        }
      ]
    },
    {
      "module": "module.machine_01",
      "mode": "data",
      "type": "vsphere_compute_cluster",
      "name": "cluster",
      "provider": "module.machine_01.provider.vsphere",
      "instances": [
        {
          "schema_version": 0,
          "attributes": {
            "datacenter_id": "datacenter-2",
            "id": "domain-c1127",
            "name": "TW-CODE88-01",
            "resource_pool_id": "resgroup-1128"
          },
          "depends_on": [
            "data.vsphere_datacenter.datacenter"
          ]
        }
      ]
    },
    {
      "module": "module.machine_02",
      "mode": "data",
      "type": "vsphere_datacenter",
      "name": "datacenter",
      "provider": "module.machine_02.provider.vsphere",
      "instances": [
        {
          "schema_version": 0,
          "attributes": {
            "id": "datacenter-2",
            "name": "IDC"
          }
        }
      ]
    },
    {
      "module": "module.machine_01",
      "mode": "data",
      "type": "vsphere_datacenter",
      "name": "datacenter",
      "provider": "module.machine_01.provider.vsphere",
      "instances": [
        {
          "schema_version": 0,
          "attributes": {
            "id": "datacenter-2",
            "name": "IDC"
          }
        }
      ]
    },
    {
      "module": "module.machine_02",
      "mode": "data",
      "type": "vsphere_datastore",
      "name": "datastore",
      "provider": "module.machine_02.provider.vsphere",
      "instances": [
        {
          "schema_version": 0,
          "attributes": {
            "datacenter_id": "datacenter-2",
            "id": "datastore-1283",
            "name": "Shared-DS-C88-01"
          },
          "depends_on": [
            "data.vsphere_datacenter.datacenter"
          ]
        }
      ]
    },
    {
      "module": "module.machine_01",
      "mode": "data",
      "type": "vsphere_datastore",
      "name": "datastore",
      "provider": "module.machine_01.provider.vsphere",
      "instances": [
        {
          "schema_version": 0,
          "attributes": {
            "datacenter_id": "datacenter-2",
            "id": "datastore-1283",
            "name": "Shared-DS-C88-01"
          },
          "depends_on": [
            "data.vsphere_datacenter.datacenter"
          ]
        }
      ]
    },
    {
      "module": "module.machine_02",
      "mode": "data",
      "type": "vsphere_network",
      "name": "network",
      "provider": "module.machine_02.provider.vsphere",
      "instances": [
        {
          "schema_version": 0,
          "attributes": {
            "datacenter_id": "datacenter-2",
            "id": "network-1172",
            "name": "Code88_Internal",
            "type": "Network"
          },
          "depends_on": [
            "data.vsphere_datacenter.datacenter"
          ]
        }
      ]
    },
    {
      "module": "module.machine_01",
      "mode": "data",
      "type": "vsphere_network",
      "name": "network",
      "provider": "module.machine_01.provider.vsphere",
      "instances": [
        {
          "schema_version": 0,
          "attributes": {
            "datacenter_id": "datacenter-2",
            "id": "network-1172",
            "name": "Code88_Internal",
            "type": "Network"
          },
          "depends_on": [
            "data.vsphere_datacenter.datacenter"
          ]
        }
      ]
    },
    {
      "module": "module.machine_02",
      "mode": "data",
      "type": "vsphere_virtual_machine",
      "name": "template",
      "provider": "module.machine_02.provider.vsphere",
      "instances": [
        {
          "schema_version": 0,
          "attributes": {
            "alternate_guest_name": "",
            "datacenter_id": "datacenter-2",
            "disks": [
              {
                "eagerly_scrub": false,
                "size": 50,
                "thin_provisioned": false
              }
            ],
            "firmware": "bios",
            "guest_id": "ubuntu64Guest",
            "id": "4217d2bf-c24d-474c-a062-990b8d66c8b0",
            "name": "template_02",
            "network_interface_types": [
              "vmxnet3"
            ],
            "scsi_bus_sharing": "noSharing",
            "scsi_controller_scan_count": 1,
            "scsi_type": "pvscsi"
          },
          "depends_on": [
            "data.vsphere_datacenter.datacenter"
          ]
        }
      ]
    },
    {
      "module": "module.machine_01",
      "mode": "data",
      "type": "vsphere_virtual_machine",
      "name": "template",
      "provider": "module.machine_01.provider.vsphere",
      "instances": [
        {
          "schema_version": 0,
          "attributes": {
            "alternate_guest_name": "",
            "datacenter_id": "datacenter-2",
            "disks": [
              {
                "eagerly_scrub": false,
                "size": 50,
                "thin_provisioned": false
              }
            ],
            "firmware": "bios",
            "guest_id": "ubuntu64Guest",
            "id": "4217d2bf-c24d-474c-a062-990b8d66c8b0",
            "name": "template_02",
            "network_interface_types": [
              "vmxnet3"
            ],
            "scsi_bus_sharing": "noSharing",
            "scsi_controller_scan_count": 1,
            "scsi_type": "pvscsi"
          },
          "depends_on": [
            "data.vsphere_datacenter.datacenter"
          ]
        }
      ]
    },
    {
      "module": "module.machine_02",
      "mode": "managed",
      "type": "vsphere_virtual_machine",
      "name": "machine",
      "each": "list",
      "provider": "module.machine_02.provider.vsphere",
      "instances": [
        {
          "index_key": 0,
          "schema_version": 3,
          "attributes": {
            "alternate_guest_name": "",
            "annotation": "",
            "boot_delay": 0,
            "boot_retry_delay": 10000,
            "boot_retry_enabled": false,
            "cdrom": [],
            "change_version": "2019-09-23T09:55:01.17288Z",
            "clone": [
              {
                "customize": [
                  {
                    "dns_server_list": [
                      "172.23.9.1"
                    ],
                    "dns_suffix_list": null,
                    "ipv4_gateway": "172.23.9.254",
                    "ipv6_gateway": "",
                    "linux_options": [
                      {
                        "domain": "",
                        "host_name": "test-server-02",
                        "hw_clock_utc": true,
                        "time_zone": ""
                      }
                    ],
                    "network_interface": [
                      {
                        "dns_domain": "",
                        "dns_server_list": null,
                        "ipv4_address": "172.23.9.15",
                        "ipv4_netmask": 24,
                        "ipv6_address": "",
                        "ipv6_netmask": 0
                      }
                    ],
                    "timeout": 20,
                    "windows_options": [],
                    "windows_sysprep_text": ""
                  }
                ],
                "linked_clone": false,
                "template_uuid": "4217d2bf-c24d-474c-a062-990b8d66c8b0",
                "timeout": 30
              }
            ],
            "cpu_hot_add_enabled": false,
            "cpu_hot_remove_enabled": false,
            "cpu_limit": -1,
            "cpu_performance_counters_enabled": false,
            "cpu_reservation": 0,
            "cpu_share_count": 2000,
            "cpu_share_level": "normal",
            "custom_attributes": null,
            "datastore_cluster_id": null,
            "datastore_id": "datastore-1283",
            "default_ip_address": "172.23.9.15",
            "disk": [
              {
                "attach": false,
                "datastore_id": "datastore-1283",
                "device_address": "scsi:0:0",
                "disk_mode": "persistent",
                "disk_sharing": "sharingNone",
                "eagerly_scrub": false,
                "io_limit": -1,
                "io_reservation": 0,
                "io_share_count": 1000,
                "io_share_level": "normal",
                "keep_on_remove": false,
                "key": 2000,
                "label": "test-server-02-01.vmdk",
                "name": "",
                "path": "test-server-02-01/test-server-02-01.vmdk",
                "size": 50,
                "thin_provisioned": false,
                "unit_number": 0,
                "uuid": "6000C290-e0a9-c395-3939-c514f8a3091b",
                "write_through": false
              }
            ],
            "efi_secure_boot_enabled": false,
            "enable_disk_uuid": false,
            "enable_logging": false,
            "ept_rvi_mode": "automatic",
            "extra_config": null,
            "firmware": "bios",
            "folder": "",
            "force_power_off": true,
            "guest_id": "ubuntu64Guest",
            "guest_ip_addresses": [
              "172.23.9.15",
              "fe80::250:56ff:fe97:52f5"
            ],
            "host_system_id": "host-1203",
            "hv_mode": "hvAuto",
            "id": "42171ba5-4d8c-8498-ee82-58d5a4d07980",
            "ignored_guest_ips": null,
            "imported": null,
            "latency_sensitivity": "normal",
            "memory": 2048,
            "memory_hot_add_enabled": false,
            "memory_limit": -1,
            "memory_reservation": 0,
            "memory_share_count": 20480,
            "memory_share_level": "normal",
            "migrate_wait_timeout": 30,
            "moid": "vm-1418",
            "name": "test-server-02-01",
            "nested_hv_enabled": false,
            "network_interface": [
              {
                "adapter_type": "vmxnet3",
                "bandwidth_limit": -1,
                "bandwidth_reservation": 0,
                "bandwidth_share_count": 50,
                "bandwidth_share_level": "normal",
                "device_address": "pci:0:7",
                "key": 4000,
                "mac_address": "00:50:56:97:52:f5",
                "network_id": "network-1172",
                "use_static_mac": false
              }
            ],
            "num_cores_per_socket": 1,
            "num_cpus": 2,
            "reboot_required": false,
            "resource_pool_id": "resgroup-1128",
            "run_tools_scripts_after_power_on": true,
            "run_tools_scripts_after_resume": true,
            "run_tools_scripts_before_guest_reboot": false,
            "run_tools_scripts_before_guest_shutdown": true,
            "run_tools_scripts_before_guest_standby": true,
            "scsi_bus_sharing": "noSharing",
            "scsi_controller_count": 1,
            "scsi_type": "pvscsi",
            "shutdown_wait_timeout": 3,
            "swap_placement_policy": "inherit",
            "sync_time_with_host": false,
            "tags": null,
            "uuid": "42171ba5-4d8c-8498-ee82-58d5a4d07980",
            "vapp": [],
            "vapp_transport": [],
            "vmware_tools_status": "guestToolsRunning",
            "vmx_path": "test-server-02-01/test-server-02-01.vmx",
            "wait_for_guest_ip_timeout": 0,
            "wait_for_guest_net_routable": true,
            "wait_for_guest_net_timeout": 5
          },
          "private": "eyJzY2hlbWFfdmVyc2lvbiI6IjMifQ==",
          "depends_on": [
            "data.vsphere_compute_cluster.cluster",
            "data.vsphere_datastore.datastore",
            "data.vsphere_network.network",
            "data.vsphere_virtual_machine.template"
          ]
        }
      ]
    },
    {
      "module": "module.machine_01",
      "mode": "managed",
      "type": "vsphere_virtual_machine",
      "name": "machine",
      "each": "list",
      "provider": "module.machine_01.provider.vsphere",
      "instances": [
        {
          "index_key": 0,
          "schema_version": 3,
          "attributes": {
            "alternate_guest_name": "",
            "annotation": "",
            "boot_delay": 0,
            "boot_retry_delay": 10000,
            "boot_retry_enabled": false,
            "cdrom": [],
            "change_version": "2019-09-23T09:56:03.296287Z",
            "clone": [
              {
                "customize": [
                  {
                    "dns_server_list": [
                      "172.23.9.1"
                    ],
                    "dns_suffix_list": null,
                    "ipv4_gateway": "172.23.9.254",
                    "ipv6_gateway": "",
                    "linux_options": [
                      {
                        "domain": "",
                        "host_name": "test-server-01",
                        "hw_clock_utc": true,
                        "time_zone": ""
                      }
                    ],
                    "network_interface": [
                      {
                        "dns_domain": "",
                        "dns_server_list": null,
                        "ipv4_address": "172.23.9.14",
                        "ipv4_netmask": 24,
                        "ipv6_address": "",
                        "ipv6_netmask": 0
                      }
                    ],
                    "timeout": 20,
                    "windows_options": [],
                    "windows_sysprep_text": ""
                  }
                ],
                "linked_clone": false,
                "template_uuid": "4217d2bf-c24d-474c-a062-990b8d66c8b0",
                "timeout": 30
              }
            ],
            "cpu_hot_add_enabled": false,
            "cpu_hot_remove_enabled": false,
            "cpu_limit": -1,
            "cpu_performance_counters_enabled": false,
            "cpu_reservation": 0,
            "cpu_share_count": 2000,
            "cpu_share_level": "normal",
            "custom_attributes": null,
            "datastore_cluster_id": null,
            "datastore_id": "datastore-1283",
            "default_ip_address": "172.23.9.14",
            "disk": [
              {
                "attach": false,
                "datastore_id": "datastore-1283",
                "device_address": "scsi:0:0",
                "disk_mode": "persistent",
                "disk_sharing": "sharingNone",
                "eagerly_scrub": false,
                "io_limit": -1,
                "io_reservation": 0,
                "io_share_count": 1000,
                "io_share_level": "normal",
                "keep_on_remove": false,
                "key": 2000,
                "label": "test-server-01-01.vmdk",
                "name": "",
                "path": "test-server-01-01/test-server-01-01.vmdk",
                "size": 50,
                "thin_provisioned": false,
                "unit_number": 0,
                "uuid": "6000C290-e0a9-c395-3939-c514f8a3091b",
                "write_through": false
              }
            ],
            "efi_secure_boot_enabled": false,
            "enable_disk_uuid": false,
            "enable_logging": false,
            "ept_rvi_mode": "automatic",
            "extra_config": null,
            "firmware": "bios",
            "folder": "",
            "force_power_off": true,
            "guest_id": "ubuntu64Guest",
            "guest_ip_addresses": [
              "172.23.9.14",
              "fe80::250:56ff:fe97:16ba"
            ],
            "host_system_id": "host-1203",
            "hv_mode": "hvAuto",
            "id": "4217c7d5-1476-79c5-e8b7-52b09492bab6",
            "ignored_guest_ips": null,
            "imported": null,
            "latency_sensitivity": "normal",
            "memory": 2048,
            "memory_hot_add_enabled": false,
            "memory_limit": -1,
            "memory_reservation": 0,
            "memory_share_count": 20480,
            "memory_share_level": "normal",
            "migrate_wait_timeout": 30,
            "moid": "vm-1417",
            "name": "test-server-01-01",
            "nested_hv_enabled": false,
            "network_interface": [
              {
                "adapter_type": "vmxnet3",
                "bandwidth_limit": -1,
                "bandwidth_reservation": 0,
                "bandwidth_share_count": 50,
                "bandwidth_share_level": "normal",
                "device_address": "pci:0:7",
                "key": 4000,
                "mac_address": "00:50:56:97:16:ba",
                "network_id": "network-1172",
                "use_static_mac": false
              }
            ],
            "num_cores_per_socket": 1,
            "num_cpus": 2,
            "reboot_required": false,
            "resource_pool_id": "resgroup-1128",
            "run_tools_scripts_after_power_on": true,
            "run_tools_scripts_after_resume": true,
            "run_tools_scripts_before_guest_reboot": false,
            "run_tools_scripts_before_guest_shutdown": true,
            "run_tools_scripts_before_guest_standby": true,
            "scsi_bus_sharing": "noSharing",
            "scsi_controller_count": 1,
            "scsi_type": "pvscsi",
            "shutdown_wait_timeout": 3,
            "swap_placement_policy": "inherit",
            "sync_time_with_host": false,
            "tags": null,
            "uuid": "4217c7d5-1476-79c5-e8b7-52b09492bab6",
            "vapp": [],
            "vapp_transport": [],
            "vmware_tools_status": "guestToolsRunning",
            "vmx_path": "test-server-01-01/test-server-01-01.vmx",
            "wait_for_guest_ip_timeout": 0,
            "wait_for_guest_net_routable": true,
            "wait_for_guest_net_timeout": 5
          },
          "private": "eyJzY2hlbWFfdmVyc2lvbiI6IjMifQ==",
          "depends_on": [
            "data.vsphere_compute_cluster.cluster",
            "data.vsphere_datastore.datastore",
            "data.vsphere_network.network",
            "data.vsphere_virtual_machine.template"
          ]
        }
      ]
    }
  ]
}
