{
  "version": 4,
  "terraform_version": "0.12.7",
  "serial": 32,
  "lineage": "378684c9-5469-1dae-9327-698b01f7cbe3",
  "outputs": {},
  "resources": [
    {
      "module": "module.vsphere_new",
      "mode": "data",
      "type": "vsphere_datacenter",
      "name": "datacenter",
      "provider": "module.vsphere_new.provider.vsphere",
      "instances": [
        {
          "schema_version": 0,
          "attributes": {
            "id": "datacenter-2",
            "name": "IDC"
          }
        }
      ]
    },
    {
      "module": "module.vsphere_new",
      "mode": "data",
      "type": "vsphere_datastore",
      "name": "datastore",
      "provider": "module.vsphere_new.provider.vsphere",
      "instances": [
        {
          "schema_version": 0,
          "attributes": {
            "datacenter_id": "datacenter-2",
            "id": "datastore-747",
            "name": "datastore_vm05"
          },
          "depends_on": [
            "data.vsphere_datacenter.datacenter"
          ]
        }
      ]
    },
    {
      "module": "module.vsphere_new",
      "mode": "data",
      "type": "vsphere_host",
      "name": "host",
      "provider": "module.vsphere_new.provider.vsphere",
      "instances": [
        {
          "schema_version": 0,
          "attributes": {
            "datacenter_id": "datacenter-2",
            "id": "host-746",
            "name": "172.23.45.15",
            "resource_pool_id": "resgroup-745"
          },
          "depends_on": [
            "data.vsphere_datacenter.datacenter"
          ]
        }
      ]
    },
    {
      "module": "module.vsphere_new",
      "mode": "data",
      "type": "vsphere_network",
      "name": "network",
      "provider": "module.vsphere_new.provider.vsphere",
      "instances": [
        {
          "schema_version": 0,
          "attributes": {
            "datacenter_id": "datacenter-2",
            "id": "network-36",
            "name": "MM_Cleanroom",
            "type": "Network"
          },
          "depends_on": [
            "data.vsphere_datacenter.datacenter"
          ]
        }
      ]
    },
    {
      "module": "module.vsphere_new",
      "mode": "data",
      "type": "vsphere_virtual_machine",
      "name": "template",
      "provider": "module.vsphere_new.provider.vsphere",
      "instances": [
        {
          "schema_version": 0,
          "attributes": {
            "alternate_guest_name": "",
            "datacenter_id": "datacenter-2",
            "disks": [
              {
                "eagerly_scrub": false,
                "size": 50,
                "thin_provisioned": false
              }
            ],
            "firmware": "bios",
            "guest_id": "ubuntu64Guest",
            "id": "4217d2bf-c24d-474c-a062-990b8d66c8b0",
            "name": "template_02",
            "network_interface_types": [
              "vmxnet3"
            ],
            "scsi_bus_sharing": "noSharing",
            "scsi_controller_scan_count": 1,
            "scsi_type": "pvscsi"
          },
          "depends_on": [
            "data.vsphere_datacenter.datacenter"
          ]
        }
      ]
    },
    {
      "module": "module.vsphere_new",
      "mode": "managed",
      "type": "vsphere_virtual_machine",
      "name": "vm_machine",
      "each": "list",
      "provider": "module.vsphere_new.provider.vsphere",
      "instances": [
        {
          "index_key": 0,
          "schema_version": 3,
          "attributes": {
            "alternate_guest_name": "",
            "annotation": "",
            "boot_delay": 0,
            "boot_retry_delay": 10000,
            "boot_retry_enabled": false,
            "cdrom": [],
            "change_version": "2019-09-16T12:05:23.533847Z",
            "clone": [
              {
                "customize": [
                  {
                    "dns_server_list": [
                      "8.8.8.8"
                    ],
                    "dns_suffix_list": null,
                    "ipv4_gateway": "172.23.33.254",
                    "ipv6_gateway": "",
                    "linux_options": [
                      {
                        "domain": "local.domain",
                        "host_name": "test-machine-0-1",
                        "hw_clock_utc": true,
                        "time_zone": ""
                      }
                    ],
                    "network_interface": [
                      {
                        "dns_domain": "",
                        "dns_server_list": null,
                        "ipv4_address": "172.23.33.30",
                        "ipv4_netmask": 24,
                        "ipv6_address": "",
                        "ipv6_netmask": 0
                      }
                    ],
                    "timeout": 20,
                    "windows_options": [],
                    "windows_sysprep_text": ""
                  }
                ],
                "linked_clone": false,
                "template_uuid": "4217d2bf-c24d-474c-a062-990b8d66c8b0",
                "timeout": 30
              }
            ],
            "cpu_hot_add_enabled": false,
            "cpu_hot_remove_enabled": false,
            "cpu_limit": -1,
            "cpu_performance_counters_enabled": false,
            "cpu_reservation": 0,
            "cpu_share_count": 2000,
            "cpu_share_level": "normal",
            "custom_attributes": null,
            "datastore_cluster_id": null,
            "datastore_id": "datastore-747",
            "default_ip_address": "172.23.33.30",
            "disk": [
              {
                "attach": false,
                "datastore_id": "datastore-747",
                "device_address": "scsi:0:0",
                "disk_mode": "persistent",
                "disk_sharing": "sharingNone",
                "eagerly_scrub": false,
                "io_limit": -1,
                "io_reservation": 0,
                "io_share_count": 1000,
                "io_share_level": "normal",
                "keep_on_remove": false,
                "key": 2000,
                "label": "test-machine-0-1.vmdk",
                "name": "",
                "path": "test-machine-01/test-machine-01.vmdk",
                "size": 50,
                "thin_provisioned": false,
                "unit_number": 0,
                "uuid": "6000C29f-26c4-b8f2-9ac6-25efbee511ab",
                "write_through": false
              },
              {
                "attach": false,
                "datastore_id": "datastore-747",
                "device_address": "scsi:0:2",
                "disk_mode": "persistent",
                "disk_sharing": "sharingNone",
                "eagerly_scrub": false,
                "io_limit": -1,
                "io_reservation": 0,
                "io_share_count": 1000,
                "io_share_level": "normal",
                "keep_on_remove": false,
                "key": 2002,
                "label": "",
                "name": "test-machine-0-1_2.vmdk",
                "path": "test-machine-01/test-machine-01_1.vmdk",
                "size": 20,
                "thin_provisioned": true,
                "unit_number": 2,
                "uuid": "6000C294-d5d9-7429-3872-64276a787693",
                "write_through": false
              }
            ],
            "efi_secure_boot_enabled": false,
            "enable_disk_uuid": false,
            "enable_logging": false,
            "ept_rvi_mode": "automatic",
            "extra_config": null,
            "firmware": "bios",
            "folder": "",
            "force_power_off": true,
            "guest_id": "ubuntu64Guest",
            "guest_ip_addresses": [
              "172.23.33.30",
              "fe80::250:56ff:fe97:19ad"
            ],
            "host_system_id": "host-746",
            "hv_mode": "hvAuto",
            "id": "42174c55-4368-9738-1cf8-2321b540991f",
            "ignored_guest_ips": null,
            "imported": null,
            "latency_sensitivity": "normal",
            "memory": 4096,
            "memory_hot_add_enabled": false,
            "memory_limit": -1,
            "memory_reservation": 0,
            "memory_share_count": 40960,
            "memory_share_level": "normal",
            "migrate_wait_timeout": 30,
            "moid": "vm-1402",
            "name": "test-machine-01",
            "nested_hv_enabled": false,
            "network_interface": [
              {
                "adapter_type": "vmxnet3",
                "bandwidth_limit": -1,
                "bandwidth_reservation": 0,
                "bandwidth_share_count": 50,
                "bandwidth_share_level": "normal",
                "device_address": "pci:0:7",
                "key": 4000,
                "mac_address": "00:50:56:97:19:ad",
                "network_id": "network-36",
                "use_static_mac": false
              }
            ],
            "num_cores_per_socket": 1,
            "num_cpus": 2,
            "reboot_required": false,
            "resource_pool_id": "resgroup-745",
            "run_tools_scripts_after_power_on": true,
            "run_tools_scripts_after_resume": true,
            "run_tools_scripts_before_guest_reboot": false,
            "run_tools_scripts_before_guest_shutdown": true,
            "run_tools_scripts_before_guest_standby": true,
            "scsi_bus_sharing": "noSharing",
            "scsi_controller_count": 1,
            "scsi_type": "pvscsi",
            "shutdown_wait_timeout": 3,
            "swap_placement_policy": "inherit",
            "sync_time_with_host": false,
            "tags": null,
            "uuid": "42174c55-4368-9738-1cf8-2321b540991f",
            "vapp": [],
            "vapp_transport": [],
            "vmware_tools_status": "guestToolsRunning",
            "vmx_path": "test-machine-01/test-machine-01.vmx",
            "wait_for_guest_ip_timeout": 0,
            "wait_for_guest_net_routable": true,
            "wait_for_guest_net_timeout": 5
          },
          "private": "eyJzY2hlbWFfdmVyc2lvbiI6IjMifQ==",
          "depends_on": [
            "data.vsphere_datastore.datastore",
            "data.vsphere_host.host",
            "data.vsphere_network.network",
            "data.vsphere_virtual_machine.template"
          ]
        },
        {
          "index_key": 1,
          "schema_version": 3,
          "attributes": {
            "alternate_guest_name": "",
            "annotation": "",
            "boot_delay": 0,
            "boot_retry_delay": 10000,
            "boot_retry_enabled": false,
            "cdrom": [],
            "change_version": "2019-09-16T12:05:23.530668Z",
            "clone": [
              {
                "customize": [
                  {
                    "dns_server_list": [
                      "8.8.8.8"
                    ],
                    "dns_suffix_list": null,
                    "ipv4_gateway": "172.23.33.254",
                    "ipv6_gateway": "",
                    "linux_options": [
                      {
                        "domain": "local.domain",
                        "host_name": "test-machine-0-2",
                        "hw_clock_utc": true,
                        "time_zone": ""
                      }
                    ],
                    "network_interface": [
                      {
                        "dns_domain": "",
                        "dns_server_list": null,
                        "ipv4_address": "172.23.33.31",
                        "ipv4_netmask": 24,
                        "ipv6_address": "",
                        "ipv6_netmask": 0
                      }
                    ],
                    "timeout": 20,
                    "windows_options": [],
                    "windows_sysprep_text": ""
                  }
                ],
                "linked_clone": false,
                "template_uuid": "4217d2bf-c24d-474c-a062-990b8d66c8b0",
                "timeout": 30
              }
            ],
            "cpu_hot_add_enabled": false,
            "cpu_hot_remove_enabled": false,
            "cpu_limit": -1,
            "cpu_performance_counters_enabled": false,
            "cpu_reservation": 0,
            "cpu_share_count": 2000,
            "cpu_share_level": "normal",
            "custom_attributes": null,
            "datastore_cluster_id": null,
            "datastore_id": "datastore-747",
            "default_ip_address": "172.23.33.31",
            "disk": [
              {
                "attach": false,
                "datastore_id": "datastore-747",
                "device_address": "scsi:0:0",
                "disk_mode": "persistent",
                "disk_sharing": "sharingNone",
                "eagerly_scrub": false,
                "io_limit": -1,
                "io_reservation": 0,
                "io_share_count": 1000,
                "io_share_level": "normal",
                "keep_on_remove": false,
                "key": 2000,
                "label": "test-machine-0-2.vmdk",
                "name": "",
                "path": "test-machine-02/test-machine-02.vmdk",
                "size": 50,
                "thin_provisioned": false,
                "unit_number": 0,
                "uuid": "6000C290-27d0-dab5-77da-70f7037272fa",
                "write_through": false
              },
              {
                "attach": false,
                "datastore_id": "datastore-747",
                "device_address": "scsi:0:2",
                "disk_mode": "persistent",
                "disk_sharing": "sharingNone",
                "eagerly_scrub": false,
                "io_limit": -1,
                "io_reservation": 0,
                "io_share_count": 1000,
                "io_share_level": "normal",
                "keep_on_remove": false,
                "key": 2002,
                "label": "",
                "name": "test-machine-0-2_2.vmdk",
                "path": "test-machine-02/test-machine-02_1.vmdk",
                "size": 20,
                "thin_provisioned": true,
                "unit_number": 2,
                "uuid": "6000C297-c704-b64e-9719-68de08600489",
                "write_through": false
              }
            ],
            "efi_secure_boot_enabled": false,
            "enable_disk_uuid": false,
            "enable_logging": false,
            "ept_rvi_mode": "automatic",
            "extra_config": null,
            "firmware": "bios",
            "folder": "",
            "force_power_off": true,
            "guest_id": "ubuntu64Guest",
            "guest_ip_addresses": [
              "172.23.33.31",
              "fe80::250:56ff:fe97:2bd7"
            ],
            "host_system_id": "host-746",
            "hv_mode": "hvAuto",
            "id": "4217412b-b1ba-1141-30b2-34dcc3d5bf89",
            "ignored_guest_ips": null,
            "imported": null,
            "latency_sensitivity": "normal",
            "memory": 4096,
            "memory_hot_add_enabled": false,
            "memory_limit": -1,
            "memory_reservation": 0,
            "memory_share_count": 40960,
            "memory_share_level": "normal",
            "migrate_wait_timeout": 30,
            "moid": "vm-1401",
            "name": "test-machine-02",
            "nested_hv_enabled": false,
            "network_interface": [
              {
                "adapter_type": "vmxnet3",
                "bandwidth_limit": -1,
                "bandwidth_reservation": 0,
                "bandwidth_share_count": 50,
                "bandwidth_share_level": "normal",
                "device_address": "pci:0:7",
                "key": 4000,
                "mac_address": "00:50:56:97:2b:d7",
                "network_id": "network-36",
                "use_static_mac": false
              }
            ],
            "num_cores_per_socket": 1,
            "num_cpus": 2,
            "reboot_required": false,
            "resource_pool_id": "resgroup-745",
            "run_tools_scripts_after_power_on": true,
            "run_tools_scripts_after_resume": true,
            "run_tools_scripts_before_guest_reboot": false,
            "run_tools_scripts_before_guest_shutdown": true,
            "run_tools_scripts_before_guest_standby": true,
            "scsi_bus_sharing": "noSharing",
            "scsi_controller_count": 1,
            "scsi_type": "pvscsi",
            "shutdown_wait_timeout": 3,
            "swap_placement_policy": "inherit",
            "sync_time_with_host": false,
            "tags": null,
            "uuid": "4217412b-b1ba-1141-30b2-34dcc3d5bf89",
            "vapp": [],
            "vapp_transport": [],
            "vmware_tools_status": "guestToolsRunning",
            "vmx_path": "test-machine-02/test-machine-02.vmx",
            "wait_for_guest_ip_timeout": 0,
            "wait_for_guest_net_routable": true,
            "wait_for_guest_net_timeout": 5
          },
          "private": "eyJzY2hlbWFfdmVyc2lvbiI6IjMifQ==",
          "depends_on": [
            "data.vsphere_datastore.datastore",
            "data.vsphere_host.host",
            "data.vsphere_network.network",
            "data.vsphere_virtual_machine.template"
          ]
        }
      ]
    }
  ]
}
